
Microsoft Visual Studio Solution File, Format Version 12.00
# Visual Studio Version 17
VisualStudioVersion = 17.1.32228.430
MinimumVisualStudioVersion = 10.0.40219.1
Project("{9A19103F-16F7-4668-BE54-9A1E7A4F7556}") = "ConsoleApp", "ConsoleApp\ConsoleApp.csproj", "{39403EBE-A752-485B-AC5C-E6A421943E94}"
	ProjectSection(ProjectDependencies) = postProject
		{B4A5EF21-E52E-44DF-9241-5196B5B9DD8A} = {B4A5EF21-E52E-44DF-9241-5196B5B9DD8A}
	EndProjectSection
EndProject
Project("{9A19103F-16F7-4668-BE54-9A1E7A4F7556}") = "ClassLibrary", "ClassLibrary\ClassLibrary.csproj", "{B4A5EF21-E52E-44DF-9241-5196B5B9DD8A}"
EndProject
Project("{FAE04EC0-301F-11D3-BF4B-00C04F79EFBC}") = "WinFormsApp", "WinFormsApp\WinFormsApp.csproj", "{E4AE7779-6B2B-4469-9600-601A0293D6D7}"
	ProjectSection(ProjectDependencies) = postProject
		{B4A5EF21-E52E-44DF-9241-5196B5B9DD8A} = {B4A5EF21-E52E-44DF-9241-5196B5B9DD8A}
		{39403EBE-A752-485B-AC5C-E6A421943E94} = {39403EBE-A752-485B-AC5C-E6A421943E94}
	EndProjectSection
EndProject
Global
	GlobalSection(SolutionConfigurationPlatforms) = preSolution
		Debug|Any CPU = Debug|Any CPU
		Release|Any CPU = Release|Any CPU
	EndGlobalSection
	GlobalSection(ProjectConfigurationPlatforms) = postSolution
		{39403EBE-A752-485B-AC5C-E6A421943E94}.Debug|Any CPU.ActiveCfg = Debug|Any CPU
		{39403EBE-A752-485B-AC5C-E6A421943E94}.Debug|Any CPU.Build.0 = Debug|Any CPU
		{39403EBE-A752-485B-AC5C-E6A421943E94}.Release|Any CPU.ActiveCfg = Release|Any CPU
		{39403EBE-A752-485B-AC5C-E6A421943E94}.Release|Any CPU.Build.0 = Release|Any CPU
		{B4A5EF21-E52E-44DF-9241-5196B5B9DD8A}.Debug|Any CPU.ActiveCfg = Debug|Any CPU
		{B4A5EF21-E52E-44DF-9241-5196B5B9DD8A}.Debug|Any CPU.Build.0 = Debug|Any CPU
		{B4A5EF21-E52E-44DF-9241-5196B5B9DD8A}.Release|Any CPU.ActiveCfg = Release|Any CPU
		{B4A5EF21-E52E-44DF-9241-5196B5B9DD8A}.Release|Any CPU.Build.0 = Release|Any CPU
		{E4AE7779-6B2B-4469-9600-601A0293D6D7}.Debug|Any CPU.ActiveCfg = Debug|Any CPU
		{E4AE7779-6B2B-4469-9600-601A0293D6D7}.Debug|Any CPU.Build.0 = Debug|Any CPU
		{E4AE7779-6B2B-4469-9600-601A0293D6D7}.Release|Any CPU.ActiveCfg = Release|Any CPU
		{E4AE7779-6B2B-4469-9600-601A0293D6D7}.Release|Any CPU.Build.0 = Release|Any CPU
	EndGlobalSection
	GlobalSection(SolutionProperties) = preSolution
		HideSolutionNode = FALSE
	EndGlobalSection
	GlobalSection(ExtensibilityGlobals) = postSolution
		SolutionGuid = {9199D203-F017-4EC1-A51B-C0E843D6B690}
	EndGlobalSection
EndGlobal
